{
  "version": "2",
  "remote": {
    "https://deno.land/std@0.184.0/_util/asserts.ts": "178dfc49a464aee693a7e285567b3d0b555dc805ff490505a8aae34f9cfb1462",
    "https://deno.land/std@0.184.0/_util/os.ts": "d932f56d41e4f6a6093d56044e29ce637f8dcc43c5a90af43504a889cf1775e3",
    "https://deno.land/std@0.184.0/encoding/hex.ts": "b4b1a7cb678745b0bf181ed8cf2498c7be00d121a7de244b752fbf9c7d9c48cd",
    "https://deno.land/std@0.184.0/fmt/colors.ts": "d67e3cd9f472535241a8e410d33423980bec45047e343577554d3356e1f0ef4e",
    "https://deno.land/std@0.184.0/fs/_util.ts": "579038bebc3bd35c43a6a7766f7d91fbacdf44bc03468e9d3134297bb99ed4f9",
    "https://deno.land/std@0.184.0/fs/copy.ts": "14214efd94fc3aa6db1e4af2b4b9578e50f7362b7f3725d5a14ad259a5df26c8",
    "https://deno.land/std@0.184.0/fs/empty_dir.ts": "c3d2da4c7352fab1cf144a1ecfef58090769e8af633678e0f3fabaef98594688",
    "https://deno.land/std@0.184.0/fs/ensure_dir.ts": "dc64c4c75c64721d4e3fb681f1382f803ff3d2868f08563ff923fdd20d071c40",
    "https://deno.land/std@0.184.0/fs/ensure_file.ts": "c38602670bfaf259d86ca824a94e6cb9e5eb73757fefa4ebf43a90dd017d53d9",
    "https://deno.land/std@0.184.0/fs/ensure_link.ts": "c0f5b2f0ec094ed52b9128eccb1ee23362a617457aa0f699b145d4883f5b2fb4",
    "https://deno.land/std@0.184.0/fs/ensure_symlink.ts": "5006ab2f458159c56d689b53b1e48d57e05eeb1eaf64e677f7f76a30bc4fdba1",
    "https://deno.land/std@0.184.0/fs/eol.ts": "f1f2eb348a750c34500741987b21d65607f352cf7205f48f4319d417fff42842",
    "https://deno.land/std@0.184.0/fs/exists.ts": "29c26bca8584a22876be7cb8844f1b6c8fc35e9af514576b78f5c6884d7ed02d",
    "https://deno.land/std@0.184.0/fs/expand_glob.ts": "e4f56259a0a70fe23f05215b00de3ac5e6ba46646ab2a06ebbe9b010f81c972a",
    "https://deno.land/std@0.184.0/fs/mod.ts": "bc3d0acd488cc7b42627044caf47d72019846d459279544e1934418955ba4898",
    "https://deno.land/std@0.184.0/fs/move.ts": "b4f8f46730b40c32ea3c0bc8eb0fd0e8139249a698883c7b3756424cf19785c9",
    "https://deno.land/std@0.184.0/fs/walk.ts": "920be35a7376db6c0b5b1caf1486fb962925e38c9825f90367f8f26b5e5d0897",
    "https://deno.land/std@0.184.0/path/_constants.ts": "e49961f6f4f48039c0dfed3c3f93e963ca3d92791c9d478ac5b43183413136e0",
    "https://deno.land/std@0.184.0/path/_interface.ts": "6471159dfbbc357e03882c2266d21ef9afdb1e4aa771b0545e90db58a0ba314b",
    "https://deno.land/std@0.184.0/path/_util.ts": "d7abb1e0dea065f427b89156e28cdeb32b045870acdf865833ba808a73b576d0",
    "https://deno.land/std@0.184.0/path/common.ts": "ee7505ab01fd22de3963b64e46cff31f40de34f9f8de1fff6a1bd2fe79380000",
    "https://deno.land/std@0.184.0/path/glob.ts": "d479e0a695621c94d3fd7fe7abd4f9499caf32a8de13f25073451c6ef420a4e1",
    "https://deno.land/std@0.184.0/path/mod.ts": "bf718f19a4fdd545aee1b06409ca0805bd1b68ecf876605ce632e932fe54510c",
    "https://deno.land/std@0.184.0/path/posix.ts": "8b7c67ac338714b30c816079303d0285dd24af6b284f7ad63da5b27372a2c94d",
    "https://deno.land/std@0.184.0/path/separator.ts": "0fb679739d0d1d7bf45b68dacfb4ec7563597a902edbaf3c59b50d5bcadd93b1",
    "https://deno.land/std@0.184.0/path/win32.ts": "d186344e5583bcbf8b18af416d13d82b35a317116e6460a5a3953508c3de5bba",
    "https://deno.land/std@0.188.0/_util/asserts.ts": "178dfc49a464aee693a7e285567b3d0b555dc805ff490505a8aae34f9cfb1462",
    "https://deno.land/std@0.188.0/csv/_io.ts": "0f90b154e0f9c574a025f24d35d7ef617944809a66d277716243e68523a816b2",
    "https://deno.land/std@0.188.0/csv/parse.ts": "96f7be0b5b5c0778bbd1c3f6f4ec689aecc406b6ce66d5059da12ca2268d2b44",
    "https://deno.land/x/classylala@v0.1.5/deps.ts": "0edce6129aca250e2539f728319482540cbead72ff564a5173e899b2bfaa374d",
    "https://deno.land/x/classylala@v0.1.5/src/helpers/metrics.ts": "04965a6be9541faf573b4c3f14ed394a3a722333e8a4130dac81b952611d2848",
    "https://deno.land/x/classylala@v0.1.5/src/native.ts": "2e277ea10355f6b330cd54c45119581fb6e925728f514f567e6c59d5b5429a3a",
    "https://deno.land/x/classylala@v0.1.5/src/native/classification.ts": "fcc3c08c5f46c6220baf1757393e30257ece9403c878d92eeb67fde644abc3f2",
    "https://deno.land/x/classylala@v0.1.5/src/native/classification/logistic_regression.ts": "54d2ec2632f7790181e73fa2b7595352eb49e044543d4d3fafeb03e57c5df4f1",
    "https://deno.land/x/classylala@v0.1.5/src/native/ffi/classification.ts": "8b54683f369d8131af7bd61df6843a74c4c9058d4c7d4e80a5f6205b1ea831ea",
    "https://deno.land/x/classylala@v0.1.5/src/native/ffi/classification/logistic_regression.ts": "421aa412c0149c3a1c8862b1c8615269e26a5a22a9d78014997f997c882712d0",
    "https://deno.land/x/classylala@v0.1.5/src/native/ffi/ffi.ts": "57a7f42cfa22baa995048fa9f66ccf54c0fb83c0fc64f38cc0ed37b49fd7e457",
    "https://deno.land/x/classylala@v0.1.5/src/native/ffi/regression.ts": "39f5b64130767e99442b3dd0f5d88de9e76216356066ddc3ecafc2295f4056bf",
    "https://deno.land/x/classylala@v0.1.5/src/native/ffi/regression/linear_regression.ts": "2bbe8801781bf9e3a24b6395d513dee18eaea53d967d5a8427dea3ac9c6a8719",
    "https://deno.land/x/classylala@v0.1.5/src/native/regression.ts": "bf98422f32cd63b3c3f95064d7a75111264b9049b9e6ffb11714a68e03f035ac",
    "https://deno.land/x/classylala@v0.1.5/src/native/regression/linear_regression.ts": "bd4adce73044dc53d147776ee6c7f2b0bab5e7eb174d2f85ae74f710a1d2073c",
    "https://deno.land/x/classylala@v0.1.5/src/native/regression/sgd_linear_regression.ts": "fd5d8488b298fff17a8d1d802001321355e339e4113b21eec4a4ca18e6330e7d",
    "https://deno.land/x/classylala@v0.1.5/version.ts": "299cb33e188aa597c43100e7f7c4dd69ee6caf31c17e57152803a89b8a85d5aa",
    "https://deno.land/x/classylala@v0.2.0/deps.ts": "5799dd124f334ccc790db967ea5618da2daad6367af237d31725ca4507e9dd4c",
    "https://deno.land/x/classylala@v0.2.0/src/helpers.ts": "3d9b7611a2bcf2b8c55dd9de3624e86b5cb247adad04b2f76b7c187309edc4ff",
    "https://deno.land/x/classylala@v0.2.0/src/helpers/metrics.ts": "04965a6be9541faf573b4c3f14ed394a3a722333e8a4130dac81b952611d2848",
    "https://deno.land/x/classylala@v0.2.0/src/helpers/vectorizer.ts": "0303a6ca10725f072de17877ba1f6ed9a2e269bbcf9d004b2e97601fa93b2b40",
    "https://deno.land/x/classylala@v0.2.0/src/native.ts": "2e277ea10355f6b330cd54c45119581fb6e925728f514f567e6c59d5b5429a3a",
    "https://deno.land/x/classylala@v0.2.0/src/native/classification.ts": "fcc3c08c5f46c6220baf1757393e30257ece9403c878d92eeb67fde644abc3f2",
    "https://deno.land/x/classylala@v0.2.0/src/native/classification/logistic_regression.ts": "54d2ec2632f7790181e73fa2b7595352eb49e044543d4d3fafeb03e57c5df4f1",
    "https://deno.land/x/classylala@v0.2.0/src/native/ffi/classification.ts": "8b54683f369d8131af7bd61df6843a74c4c9058d4c7d4e80a5f6205b1ea831ea",
    "https://deno.land/x/classylala@v0.2.0/src/native/ffi/classification/logistic_regression.ts": "421aa412c0149c3a1c8862b1c8615269e26a5a22a9d78014997f997c882712d0",
    "https://deno.land/x/classylala@v0.2.0/src/native/ffi/ffi.ts": "57a7f42cfa22baa995048fa9f66ccf54c0fb83c0fc64f38cc0ed37b49fd7e457",
    "https://deno.land/x/classylala@v0.2.0/src/native/ffi/regression.ts": "39f5b64130767e99442b3dd0f5d88de9e76216356066ddc3ecafc2295f4056bf",
    "https://deno.land/x/classylala@v0.2.0/src/native/ffi/regression/linear_regression.ts": "4c9e99d9e8f43229b331afaae8303f32abbfa55595133822257d3a10ece0382c",
    "https://deno.land/x/classylala@v0.2.0/src/native/regression.ts": "bf98422f32cd63b3c3f95064d7a75111264b9049b9e6ffb11714a68e03f035ac",
    "https://deno.land/x/classylala@v0.2.0/src/native/regression/linear_regression.ts": "bd4adce73044dc53d147776ee6c7f2b0bab5e7eb174d2f85ae74f710a1d2073c",
    "https://deno.land/x/classylala@v0.2.0/src/native/regression/sgd_linear_regression.ts": "629ae58928e021e6bf20cf916ee159d9391a4899cf4dfcebb522dbdf0ce7f9fc",
    "https://deno.land/x/classylala@v0.2.0/version.ts": "aaa536dc8bcb5fc3b80725c2cebef467e61b6d1c5f31847465f440686dc905b5",
    "https://deno.land/x/classylala@v0.2.1/deps.ts": "5799dd124f334ccc790db967ea5618da2daad6367af237d31725ca4507e9dd4c",
    "https://deno.land/x/classylala@v0.2.1/src/helpers.ts": "3d9b7611a2bcf2b8c55dd9de3624e86b5cb247adad04b2f76b7c187309edc4ff",
    "https://deno.land/x/classylala@v0.2.1/src/helpers/metrics.ts": "04965a6be9541faf573b4c3f14ed394a3a722333e8a4130dac81b952611d2848",
    "https://deno.land/x/classylala@v0.2.1/src/helpers/vectorizer.ts": "9dbb6e067bba59cee8db8c198543f23311935aff0b326307bac6a24335fa6b5a",
    "https://deno.land/x/classylala@v0.2.1/src/native.ts": "2e277ea10355f6b330cd54c45119581fb6e925728f514f567e6c59d5b5429a3a",
    "https://deno.land/x/classylala@v0.2.1/src/native/classification.ts": "fcc3c08c5f46c6220baf1757393e30257ece9403c878d92eeb67fde644abc3f2",
    "https://deno.land/x/classylala@v0.2.1/src/native/classification/logistic_regression.ts": "55aaec4e890e4d716e7b55cd57b6151baf3ebe4c799db4ccc5b9090201b9fb2a",
    "https://deno.land/x/classylala@v0.2.1/src/native/ffi/classification.ts": "8b54683f369d8131af7bd61df6843a74c4c9058d4c7d4e80a5f6205b1ea831ea",
    "https://deno.land/x/classylala@v0.2.1/src/native/ffi/classification/logistic_regression.ts": "421aa412c0149c3a1c8862b1c8615269e26a5a22a9d78014997f997c882712d0",
    "https://deno.land/x/classylala@v0.2.1/src/native/ffi/ffi.ts": "57a7f42cfa22baa995048fa9f66ccf54c0fb83c0fc64f38cc0ed37b49fd7e457",
    "https://deno.land/x/classylala@v0.2.1/src/native/ffi/regression.ts": "39f5b64130767e99442b3dd0f5d88de9e76216356066ddc3ecafc2295f4056bf",
    "https://deno.land/x/classylala@v0.2.1/src/native/ffi/regression/linear_regression.ts": "4c9e99d9e8f43229b331afaae8303f32abbfa55595133822257d3a10ece0382c",
    "https://deno.land/x/classylala@v0.2.1/src/native/regression.ts": "bf98422f32cd63b3c3f95064d7a75111264b9049b9e6ffb11714a68e03f035ac",
    "https://deno.land/x/classylala@v0.2.1/src/native/regression/linear_regression.ts": "bd4adce73044dc53d147776ee6c7f2b0bab5e7eb174d2f85ae74f710a1d2073c",
    "https://deno.land/x/classylala@v0.2.1/src/native/regression/sgd_linear_regression.ts": "16b5e83fd3c1a04ee7e5ab399f028016a7f66f5d1811a28e47b86546f250d6e0",
    "https://deno.land/x/classylala@v0.2.1/version.ts": "745ae67385e862e2dd207a95c08b5fd8ad53618741eba1beaa183e40bc9236af",
    "https://deno.land/x/denouse@v0.0.4/mod.ts": "f3d2d16c6a9338b69ccd9a8446a19452e09d8c9b8129f79ef7eb5669ca613e0b",
    "https://deno.land/x/denouse@v0.0.4/use/array/mod.ts": "c0b77e31a194ef08095fbe98620e4e16749615d284f1350fed98ba5a689e6e7e",
    "https://deno.land/x/denouse@v0.0.4/use/array/range.ts": "a72d2355492889e739a1987b5a3a6c859ac71f2601eb67138b58e6983a24d9d1",
    "https://deno.land/x/denouse@v0.0.4/use/array/unique.ts": "d81d591c077ad81123ecf612445bcfc657a409b0e10a1667c184c675d7ee895a",
    "https://deno.land/x/denouse@v0.0.4/use/datetime/duration.ts": "ad1704be1a47b75d581e8030a677b881c92d8f4a23348669066c01b1e478ed19",
    "https://deno.land/x/denouse@v0.0.4/use/datetime/mod.ts": "30f93d011754ff647495d38fa38eb9790ae1c55258df9ba5ee615b96dfd30958",
    "https://deno.land/x/denouse@v0.0.4/use/datetime/time.ts": "e67edba8d60c682ea87fd6457a6460fbbc92a61e78afa41f0536bab8c26b38ac",
    "https://deno.land/x/denouse@v0.0.4/use/mod.ts": "48c15a8d7a498353cc0cc6162d83630d6eda711663db9bea848c63c9ec3174c8",
    "https://deno.land/x/denouse@v0.0.4/use/random/mod.ts": "8b1d03fd04bad86ece5c1b8b2efa20f56231d9a8bac962cf10571d321d989116",
    "https://deno.land/x/denouse@v0.0.4/use/random/normal.ts": "c6f0bac64e0e147f8df6f9882eeb7c0bc335bd7a00e06897c6147118333af497",
    "https://deno.land/x/denouse@v0.0.4/use/random/rearrange.ts": "1c1571664845896663b563029f3f2572fccd38c6d92ec3fd11dc6d7ea866cb4b",
    "https://deno.land/x/denouse@v0.0.4/use/random/rng.ts": "213dff1b1a39ae4621d35330eb19a3f96170949e8ca429e8028a1fdf86c61f22",
    "https://deno.land/x/denouse@v0.0.4/use/random/shuffle.ts": "66f966851d5b6dd4c81117d32311742c319ea3042aad22a7874d2b10da4e743f",
    "https://deno.land/x/denouse@v0.0.4/use/random/weighted.ts": "c4eeb309477ecf431a0b9fd1bf0f04540825194c7ed30ba8c71c9e45e14112e6",
    "https://deno.land/x/denouse@v0.0.6/mod.ts": "f3d2d16c6a9338b69ccd9a8446a19452e09d8c9b8129f79ef7eb5669ca613e0b",
    "https://deno.land/x/denouse@v0.0.6/use/array/mod.ts": "a95df5671fcb09123d6e8a9aaa46ff2f935ad43966f3dc4d32051da31577ed0f",
    "https://deno.land/x/denouse@v0.0.6/use/array/range.ts": "a72d2355492889e739a1987b5a3a6c859ac71f2601eb67138b58e6983a24d9d1",
    "https://deno.land/x/denouse@v0.0.6/use/array/split.ts": "f0c8b4ecd5fe7dfd8a0bb6aef21885220a73b2b139c3b0ee36f9ecc814cad11e",
    "https://deno.land/x/denouse@v0.0.6/use/array/unique.ts": "d81d591c077ad81123ecf612445bcfc657a409b0e10a1667c184c675d7ee895a",
    "https://deno.land/x/denouse@v0.0.6/use/datetime/duration.ts": "ad1704be1a47b75d581e8030a677b881c92d8f4a23348669066c01b1e478ed19",
    "https://deno.land/x/denouse@v0.0.6/use/datetime/mod.ts": "30f93d011754ff647495d38fa38eb9790ae1c55258df9ba5ee615b96dfd30958",
    "https://deno.land/x/denouse@v0.0.6/use/datetime/time.ts": "e67edba8d60c682ea87fd6457a6460fbbc92a61e78afa41f0536bab8c26b38ac",
    "https://deno.land/x/denouse@v0.0.6/use/mod.ts": "48c15a8d7a498353cc0cc6162d83630d6eda711663db9bea848c63c9ec3174c8",
    "https://deno.land/x/denouse@v0.0.6/use/random/mod.ts": "8b1d03fd04bad86ece5c1b8b2efa20f56231d9a8bac962cf10571d321d989116",
    "https://deno.land/x/denouse@v0.0.6/use/random/normal.ts": "c6f0bac64e0e147f8df6f9882eeb7c0bc335bd7a00e06897c6147118333af497",
    "https://deno.land/x/denouse@v0.0.6/use/random/rearrange.ts": "1c1571664845896663b563029f3f2572fccd38c6d92ec3fd11dc6d7ea866cb4b",
    "https://deno.land/x/denouse@v0.0.6/use/random/rng.ts": "213dff1b1a39ae4621d35330eb19a3f96170949e8ca429e8028a1fdf86c61f22",
    "https://deno.land/x/denouse@v0.0.6/use/random/shuffle.ts": "66f966851d5b6dd4c81117d32311742c319ea3042aad22a7874d2b10da4e743f",
    "https://deno.land/x/denouse@v0.0.6/use/random/weighted.ts": "c4eeb309477ecf431a0b9fd1bf0f04540825194c7ed30ba8c71c9e45e14112e6",
    "https://deno.land/x/netsaur@0.2.8/deps.ts": "ecf8d69bb639cea2aeac1c69730b5a0f5f5fd3518090449c027176cd0fdc4415",
    "https://deno.land/x/netsaur@0.2.8/mod.ts": "ed16d242a2792677c47d0082b82321090eaf64e262e017e741373789bcc6c11e",
    "https://deno.land/x/netsaur@0.2.8/src/backend_cpu/backend.ts": "5ef0911e6fcd682b891dc64173cafde76b141490c73cedcf66d9ba152cf87ec0",
    "https://deno.land/x/netsaur@0.2.8/src/backend_cpu/mod.ts": "5871a2e5b7f6cf7619294d8761080f19ba5de1a6f55ef6e08b76a1b594b370f8",
    "https://deno.land/x/netsaur@0.2.8/src/backend_cpu/util.ts": "fd51f7868ed9d7eddeec01559b60684f2898ff72a2abe11d6a2267f63239c6d0",
    "https://deno.land/x/netsaur@0.2.8/src/backend_wasm/backend.ts": "1a8957ecb3219d0b02e7c3144ab6619a0d79ef548001838c7fa09f3cb8e767ac",
    "https://deno.land/x/netsaur@0.2.8/src/backend_wasm/lib/netsaur.generated.js": "f91e0dd8528a13f6bf91a98908ece7d9192d2a4918180a448b98a2e967033e54",
    "https://deno.land/x/netsaur@0.2.8/src/backend_wasm/mod.ts": "b07ff70c68ce179cb8a3ab7d28135fe7f0ecc727c0dbd34857a376cae17f84d4",
    "https://deno.land/x/netsaur@0.2.8/src/backend_wasm/utils.ts": "cbbca54c7fa37f6cf71375833cec37d367fb0bc677af1cfa913e2832d7f1f475",
    "https://deno.land/x/netsaur@0.2.8/src/core/api/error.ts": "b58811e114b9ffc9d5fa77ddca7a72e3b21d009efb060440de5b5ea5f630b0ef",
    "https://deno.land/x/netsaur@0.2.8/src/core/api/layer.ts": "27c34b83c677ce2e92cf7d31211925b1df301dc19c0c76d04e283eb2e102cd34",
    "https://deno.land/x/netsaur@0.2.8/src/core/api/layers.ts": "5120bd93eff110999da895172a9e8a4f77b49fc5aa26b5f88aa55678d300f696",
    "https://deno.land/x/netsaur@0.2.8/src/core/api/network.ts": "de3ee840b0b169a394accfd28abcac699c731853198eda920315895a4c8ce538",
    "https://deno.land/x/netsaur@0.2.8/src/core/api/optimizer.ts": "30d5f2f6e7a469910e6735dee1bb3e06e2c8ebaed48d6c55d4662bb998b473f9",
    "https://deno.land/x/netsaur@0.2.8/src/core/api/shape.ts": "a65b381937751ab5e0016fb5c8afb023aff480f39612f77d200fea85249026d4",
    "https://deno.land/x/netsaur@0.2.8/src/core/engine.ts": "d63750b7b6e9d5f4cffe45d47859ad2a8f3279c682fdb4c646a8f263df55c9ec",
    "https://deno.land/x/netsaur@0.2.8/src/core/mod.ts": "a12c92154b5f5189eed295f3395fb6048412a88bd298ad4f6c14b2b7490ee534",
    "https://deno.land/x/netsaur@0.2.8/src/core/tensor/tensor.ts": "2db0c0e5b6cdece8c50b36cc8d683c73fd38cccb101ce12375f1bf2c8859155b",
    "https://deno.land/x/netsaur@0.2.8/src/core/tensor/util.ts": "d76a96380354085992731599eaec98f7cc59c2af821e03531b72296277249b34",
    "https://deno.land/x/netsaur@0.2.8/src/core/types.ts": "4a2f33769cded405cfb134609cbc906202180f9d87acb3033187d59da4b23b75",
    "https://deno.land/x/plug@1.0.2/deps.ts": "36846a478fafaa1d8ca18aafd91584a748aa58de47ad0f45f008881dad82f374",
    "https://deno.land/x/plug@1.0.2/download.ts": "b92bc1c1ae35fdb75828847f1ebfc7e51bf462f339729740e1cffe78384e1509",
    "https://deno.land/x/plug@1.0.2/mod.ts": "32e0006ed6142e7becdb4103c2aa4e1e9ef28459d7243d6cb404a028f7c4eb7e",
    "https://deno.land/x/plug@1.0.2/types.ts": "0490359117c53783138f2b6692a34f85bca9237314ba8cdef8ad682d81218d21",
    "https://deno.land/x/plug@1.0.2/util.ts": "ded3db6e9bb16b8003899d9073fb310e13231ca617b35d6b7dfd53f38762cc76",
    "https://deno.land/x/vectorizer@v0.0.4/mod.ts": "f93b9384ce12bd5ea8027e01abb84aa5e1597750e1b15bb72110e61b191bdd25",
    "https://deno.land/x/vectorizer@v0.0.4/src/image.ts": "70b41e086aad86913ba53a8e2a5fb9002fbf4ee6449d031cd93f23d4400a1863",
    "https://deno.land/x/vectorizer@v0.0.4/src/image/patch_2d.ts": "f7aa4cda54e10efc4f75fd5d7cd976b2c8b27b89d7700244298a93679bd4b53e",
    "https://deno.land/x/vectorizer@v0.0.4/src/text.ts": "615f76fa49faccd5fc4ed71fa3aba2b760544ecd4a4548c539884d633a77d8fb",
    "https://deno.land/x/vectorizer@v0.0.4/src/text/base.ts": "44c778d86a11ab4fb4eba5c68d9fa631f1fd726acf453fd35cbe022ce43c2c17",
    "https://deno.land/x/vectorizer@v0.0.4/src/text/count_vectorizer.ts": "49eb4b6bf0b2af30269d34b60f659a4168611ab1d0bbbc6b59d01bb18c3450a4",
    "https://deno.land/x/vectorizer@v0.0.4/src/text/tf_idf_transformer.ts": "a154626a344c722bb163ec3f0cc975e043b21521ba43acec8813c8b9804f0af1",
    "https://deno.land/x/vectorizer@v0.0.4/src/types.ts": "c636759f433a31b587c1caefe154e2df1b03f32242fefe5e16c8a03514e4ff3d",
    "https://deno.land/x/vectorizer@v0.0.4/src/util.ts": "108090923f2a86f59e5172a12ce798c1acdd7ff436aae6be208b2a92ac8c41a3",
    "https://deno.land/x/vectorizer@v0.0.6/mod.ts": "f93b9384ce12bd5ea8027e01abb84aa5e1597750e1b15bb72110e61b191bdd25",
    "https://deno.land/x/vectorizer@v0.0.6/src/image.ts": "70b41e086aad86913ba53a8e2a5fb9002fbf4ee6449d031cd93f23d4400a1863",
    "https://deno.land/x/vectorizer@v0.0.6/src/image/patch_2d.ts": "f7aa4cda54e10efc4f75fd5d7cd976b2c8b27b89d7700244298a93679bd4b53e",
    "https://deno.land/x/vectorizer@v0.0.6/src/text.ts": "615f76fa49faccd5fc4ed71fa3aba2b760544ecd4a4548c539884d633a77d8fb",
    "https://deno.land/x/vectorizer@v0.0.6/src/text/base.ts": "44c778d86a11ab4fb4eba5c68d9fa631f1fd726acf453fd35cbe022ce43c2c17",
    "https://deno.land/x/vectorizer@v0.0.6/src/text/count_vectorizer.ts": "093b19b2a950bfb4809492da87bb1ad76519deee95f9b06ccb362e6457e3e004",
    "https://deno.land/x/vectorizer@v0.0.6/src/text/tf_idf_transformer.ts": "07dd37d4983161221627f216d9301556075ac97c424225859474bf84ef87f152",
    "https://deno.land/x/vectorizer@v0.0.6/src/types.ts": "c636759f433a31b587c1caefe154e2df1b03f32242fefe5e16c8a03514e4ff3d",
    "https://deno.land/x/vectorizer@v0.0.6/src/util.ts": "108090923f2a86f59e5172a12ce798c1acdd7ff436aae6be208b2a92ac8c41a3",
    "https://deno.land/x/vectorizer@v0.0.6/src/utils/matrix.ts": "30c8dfceb198b51a3e3499fa415c36dcff4738b9f5be46fec91d9c4ad684beab"
  }
}
